
Microsoft Visual Studio Solution File, Format Version 12.00
# Visual Studio Version 17
VisualStudioVersion = 17.1.32210.238
MinimumVisualStudioVersion = 10.0.40219.1
Project("{FAE04EC0-301F-11D3-BF4B-00C04F79EFBC}") = "Calculadora", "Calculadora\Calculadora.csproj", "{3C9E1A8E-82B4-4B30-85D1-487D71917633}"
EndProject
Global
	GlobalSection(SolutionConfigurationPlatforms) = preSolution
		Debug|Any CPU = Debug|Any CPU
		Release|Any CPU = Release|Any CPU
	EndGlobalSection
	GlobalSection(ProjectConfigurationPlatforms) = postSolution
		{3C9E1A8E-82B4-4B30-85D1-487D71917633}.Debug|Any CPU.ActiveCfg = Debug|Any CPU
		{3C9E1A8E-82B4-4B30-85D1-487D71917633}.Debug|Any CPU.Build.0 = Debug|Any CPU
		{3C9E1A8E-82B4-4B30-85D1-487D71917633}.Release|Any CPU.ActiveCfg = Release|Any CPU
		{3C9E1A8E-82B4-4B30-85D1-487D71917633}.Release|Any CPU.Build.0 = Release|Any CPU
	EndGlobalSection
	GlobalSection(SolutionProperties) = preSolution
		HideSolutionNode = FALSE
	EndGlobalSection
	GlobalSection(ExtensibilityGlobals) = postSolution
		SolutionGuid = {6C0F5401-C799-4CDE-A691-0DD6F4EDCC21}
	EndGlobalSection
EndGlobal
